
Microsoft Visual Studio Solution File, Format Version 12.00
# Visual Studio 14
VisualStudioVersion = 14.0.25420.1
MinimumVisualStudioVersion = 10.0.40219.1
Project("{FAE04EC0-301F-11D3-BF4B-00C04F79EFBC}") = "NUnitTestOrdering", "src\NUnitTestOrdering\NUnitTestOrdering.csproj", "{2B5D82D8-DAA7-4D47-BD97-B70C5135EB1D}"
EndProject
Project("{FAE04EC0-301F-11D3-BF4B-00C04F79EFBC}") = "NUnitTestOrdering.Tests", "src\NUnitTestOrdering.Tests\NUnitTestOrdering.Tests.csproj", "{AAFFEF62-8644-4AA6-8E89-DABCAC6DB523}"
EndProject
Project("{2150E333-8FDC-42A3-9474-1A3956D46DE8}") = "src", "src", "{5D8E752C-FF6F-45E8-A2A3-B3A1711BD855}"
EndProject
Project("{2150E333-8FDC-42A3-9474-1A3956D46DE8}") = "misc", "misc", "{C0DF9649-D7D0-447F-B903-DFDA63062D20}"
	ProjectSection(SolutionItems) = preProject
		LICENSE = LICENSE
		README.md = README.md
	EndProjectSection
EndProject
Project("{2150E333-8FDC-42A3-9474-1A3956D46DE8}") = "nuget", "nuget", "{77364EAA-9360-4617-AD71-AFFDDDE8D9DC}"
	ProjectSection(SolutionItems) = preProject
		nuget\NUnitTestOrdering.nuspec = nuget\NUnitTestOrdering.nuspec
	EndProjectSection
EndProject
Project("{2150E333-8FDC-42A3-9474-1A3956D46DE8}") = "content", "content", "{E82151E1-46E2-401A-A951-EF86CDE094E3}"
EndProject
Project("{2150E333-8FDC-42A3-9474-1A3956D46DE8}") = "Properties", "Properties", "{057A60C5-91D6-4363-B4CB-A16958602AE2}"
	ProjectSection(SolutionItems) = preProject
		nuget\content\Properties\EnableTestOrdering.cs = nuget\content\Properties\EnableTestOrdering.cs
	EndProjectSection
EndProject
Global
	GlobalSection(SolutionConfigurationPlatforms) = preSolution
		Debug|Any CPU = Debug|Any CPU
		Release|Any CPU = Release|Any CPU
	EndGlobalSection
	GlobalSection(ProjectConfigurationPlatforms) = postSolution
		{2B5D82D8-DAA7-4D47-BD97-B70C5135EB1D}.Debug|Any CPU.ActiveCfg = Debug|Any CPU
		{2B5D82D8-DAA7-4D47-BD97-B70C5135EB1D}.Debug|Any CPU.Build.0 = Debug|Any CPU
		{2B5D82D8-DAA7-4D47-BD97-B70C5135EB1D}.Release|Any CPU.ActiveCfg = Release|Any CPU
		{2B5D82D8-DAA7-4D47-BD97-B70C5135EB1D}.Release|Any CPU.Build.0 = Release|Any CPU
		{AAFFEF62-8644-4AA6-8E89-DABCAC6DB523}.Debug|Any CPU.ActiveCfg = Debug|Any CPU
		{AAFFEF62-8644-4AA6-8E89-DABCAC6DB523}.Debug|Any CPU.Build.0 = Debug|Any CPU
		{AAFFEF62-8644-4AA6-8E89-DABCAC6DB523}.Release|Any CPU.ActiveCfg = Release|Any CPU
		{AAFFEF62-8644-4AA6-8E89-DABCAC6DB523}.Release|Any CPU.Build.0 = Release|Any CPU
	EndGlobalSection
	GlobalSection(SolutionProperties) = preSolution
		HideSolutionNode = FALSE
	EndGlobalSection
	GlobalSection(NestedProjects) = preSolution
		{2B5D82D8-DAA7-4D47-BD97-B70C5135EB1D} = {5D8E752C-FF6F-45E8-A2A3-B3A1711BD855}
		{AAFFEF62-8644-4AA6-8E89-DABCAC6DB523} = {5D8E752C-FF6F-45E8-A2A3-B3A1711BD855}
		{E82151E1-46E2-401A-A951-EF86CDE094E3} = {77364EAA-9360-4617-AD71-AFFDDDE8D9DC}
		{057A60C5-91D6-4363-B4CB-A16958602AE2} = {E82151E1-46E2-401A-A951-EF86CDE094E3}
	EndGlobalSection
EndGlobal
